
Microsoft Visual Studio Solution File, Format Version 12.00
# Visual Studio Version 16
VisualStudioVersion = 16.0.810.25
MinimumVisualStudioVersion = 10.0.40219.1
Project("{FAE04EC0-301F-11D3-BF4B-00C04F79EFBC}") = "TextToolKit", "TextToolKit.csproj", "{92F41E9B-A5B6-4536-A8F6-319E1175FD43}"
EndProject
Global
	GlobalSection(SolutionConfigurationPlatforms) = preSolution
		Debug|Any CPU = Debug|Any CPU
		Release|Any CPU = Release|Any CPU
	EndGlobalSection
	GlobalSection(ProjectConfigurationPlatforms) = postSolution
		{92F41E9B-A5B6-4536-A8F6-319E1175FD43}.Debug|Any CPU.ActiveCfg = Debug|Any CPU
		{92F41E9B-A5B6-4536-A8F6-319E1175FD43}.Debug|Any CPU.Build.0 = Debug|Any CPU
		{92F41E9B-A5B6-4536-A8F6-319E1175FD43}.Release|Any CPU.ActiveCfg = Release|Any CPU
		{92F41E9B-A5B6-4536-A8F6-319E1175FD43}.Release|Any CPU.Build.0 = Release|Any CPU
	EndGlobalSection
	GlobalSection(SolutionProperties) = preSolution
		HideSolutionNode = FALSE
	EndGlobalSection
	GlobalSection(ExtensibilityGlobals) = postSolution
		SolutionGuid = {E3A788E5-BFD1-41F2-8338-5E0E0789E569}
	EndGlobalSection
EndGlobal
